// !$*UTF8*$!
{
	archiveVersion = 1;
	classes = {
	};
	objectVersion = 50;
	objects = {

/* Begin PBXBuildFile section */
		05138B3C486F73C97AC00B94 /* libPods-MytTest.a in Frameworks */ = {isa = PBXBuildFile; fileRef = 353CD7A98916857097596FE7 /* libPods-MytTest.a */; };
		1BFC92922269BC1B00180A94 /* AppDelegate.m in Sources */ = {isa = PBXBuildFile; fileRef = 1BFC92912269BC1B00180A94 /* AppDelegate.m */; };
		1BFC92952269BC1B00180A94 /* ViewController.m in Sources */ = {isa = PBXBuildFile; fileRef = 1BFC92942269BC1B00180A94 /* ViewController.m */; };
		1BFC92982269BC1B00180A94 /* Main.storyboard in Resources */ = {isa = PBXBuildFile; fileRef = 1BFC92962269BC1B00180A94 /* Main.storyboard */; };
		1BFC929A2269BC1E00180A94 /* Assets.xcassets in Resources */ = {isa = PBXBuildFile; fileRef = 1BFC92992269BC1E00180A94 /* Assets.xcassets */; };
		1BFC929D2269BC1E00180A94 /* LaunchScreen.storyboard in Resources */ = {isa = PBXBuildFile; fileRef = 1BFC929B2269BC1E00180A94 /* LaunchScreen.storyboard */; };
		1BFC92A02269BC1E00180A94 /* main.m in Sources */ = {isa = PBXBuildFile; fileRef = 1BFC929F2269BC1E00180A94 /* main.m */; };
/* End PBXBuildFile section */

/* Begin PBXFileReference section */
		1BFC928D2269BC1B00180A94 /* MytTest.app */ = {isa = PBXFileReference; explicitFileType = wrapper.application; includeInIndex = 0; path = MytTest.app; sourceTree = BUILT_PRODUCTS_DIR; };
		1BFC92902269BC1B00180A94 /* AppDelegate.h */ = {isa = PBXFileReference; lastKnownFileType = sourcecode.c.h; path = AppDelegate.h; sourceTree = "<group>"; };
		1BFC92912269BC1B00180A94 /* AppDelegate.m */ = {isa = PBXFileReference; lastKnownFileType = sourcecode.c.objc; path = AppDelegate.m; sourceTree = "<group>"; };
		1BFC92932269BC1B00180A94 /* ViewController.h */ = {isa = PBXFileReference; lastKnownFileType = sourcecode.c.h; path = ViewController.h; sourceTree = "<group>"; };
		1BFC92942269BC1B00180A94 /* ViewController.m */ = {isa = PBXFileReference; lastKnownFileType = sourcecode.c.objc; path = ViewController.m; sourceTree = "<group>"; };
		1BFC92972269BC1B00180A94 /* Base */ = {isa = PBXFileReference; lastKnownFileType = file.storyboard; name = Base; path = Base.lproj/Main.storyboard; sourceTree = "<group>"; };
		1BFC92992269BC1E00180A94 /* Assets.xcassets */ = {isa = PBXFileReference; lastKnownFileType = folder.assetcatalog; path = Assets.xcassets; sourceTree = "<group>"; };
		1BFC929C2269BC1E00180A94 /* Base */ = {isa = PBXFileReference; lastKnownFileType = file.storyboard; name = Base; path = Base.lproj/LaunchScreen.storyboard; sourceTree = "<group>"; };
		1BFC929E2269BC1E00180A94 /* Info.plist */ = {isa = PBXFileReference; lastKnownFileType = text.plist.xml; path = Info.plist; sourceTree = "<group>"; };
		1BFC929F2269BC1E00180A94 /* main.m */ = {isa = PBXFileReference; lastKnownFileType = sourcecode.c.objc; path = main.m; sourceTree = "<group>"; };
		1BFC92E52269C13000180A94 /* .gitkeep */ = {isa = PBXFileReference; lastKnownFileType = text; path = .gitkeep; sourceTree = "<group>"; };
		1BFC92E72269C13000180A94 /* D_ImageBrowserVC.m */ = {isa = PBXFileReference; lastKnownFileType = sourcecode.c.objc; path = D_ImageBrowserVC.m; sourceTree = "<group>"; };
		1BFC92E82269C13000180A94 /* D_ImageBrowserVC.h */ = {isa = PBXFileReference; lastKnownFileType = sourcecode.c.h; path = D_ImageBrowserVC.h; sourceTree = "<group>"; };
		1BFC92EA2269C13000180A94 /* D_ImagePickerModel.m */ = {isa = PBXFileReference; lastKnownFileType = sourcecode.c.objc; path = D_ImagePickerModel.m; sourceTree = "<group>"; };
		1BFC92EB2269C13000180A94 /* D_ImagePickerModel.h */ = {isa = PBXFileReference; lastKnownFileType = sourcecode.c.h; path = D_ImagePickerModel.h; sourceTree = "<group>"; };
		1BFC92ED2269C13000180A94 /* D_imagePickerCollectionCell.h */ = {isa = PBXFileReference; lastKnownFileType = sourcecode.c.h; path = D_imagePickerCollectionCell.h; sourceTree = "<group>"; };
		1BFC92EE2269C13000180A94 /* D_imagePickerView.m */ = {isa = PBXFileReference; lastKnownFileType = sourcecode.c.objc; path = D_imagePickerView.m; sourceTree = "<group>"; };
		1BFC92EF2269C13000180A94 /* D_ImageBrowserCollectionCell.h */ = {isa = PBXFileReference; lastKnownFileType = sourcecode.c.h; path = D_ImageBrowserCollectionCell.h; sourceTree = "<group>"; };
		1BFC92F02269C13000180A94 /* D_imagePickerCollectionCell.m */ = {isa = PBXFileReference; lastKnownFileType = sourcecode.c.objc; path = D_imagePickerCollectionCell.m; sourceTree = "<group>"; };
		1BFC92F12269C13000180A94 /* D_imagePickerView.h */ = {isa = PBXFileReference; lastKnownFileType = sourcecode.c.h; path = D_imagePickerView.h; sourceTree = "<group>"; };
		1BFC92F22269C13000180A94 /* D_ImageBrowserCollectionCell.m */ = {isa = PBXFileReference; lastKnownFileType = sourcecode.c.objc; path = D_ImageBrowserCollectionCell.m; sourceTree = "<group>"; };
		1BFC92F42269C13000180A94 /* D_photoTool.m */ = {isa = PBXFileReference; lastKnownFileType = sourcecode.c.objc; path = D_photoTool.m; sourceTree = "<group>"; };
		1BFC92F52269C13000180A94 /* D_Macros.h */ = {isa = PBXFileReference; lastKnownFileType = sourcecode.c.h; path = D_Macros.h; sourceTree = "<group>"; };
		1BFC92F62269C13000180A94 /* D_photoTool.h */ = {isa = PBXFileReference; lastKnownFileType = sourcecode.c.h; path = D_photoTool.h; sourceTree = "<group>"; };
		1BFC92F82269C13000180A94 /* .gitkeep */ = {isa = PBXFileReference; lastKnownFileType = text; path = .gitkeep; sourceTree = "<group>"; };
		1BFC92F92269C13000180A94 /* Images.xcassets */ = {isa = PBXFileReference; lastKnownFileType = folder.assetcatalog; path = Images.xcassets; sourceTree = "<group>"; };
		353CD7A98916857097596FE7 /* libPods-MytTest.a */ = {isa = PBXFileReference; explicitFileType = archive.ar; includeInIndex = 0; path = "libPods-MytTest.a"; sourceTree = BUILT_PRODUCTS_DIR; };
		6219551CD239B30CC2E572E7 /* Pods-MytTest.debug.xcconfig */ = {isa = PBXFileReference; includeInIndex = 1; lastKnownFileType = text.xcconfig; name = "Pods-MytTest.debug.xcconfig"; path = "Pods/Target Support Files/Pods-MytTest/Pods-MytTest.debug.xcconfig"; sourceTree = "<group>"; };
		9BC38CFB2C5942224972FFDD /* Pods-MytTest.release.xcconfig */ = {isa = PBXFileReference; includeInIndex = 1; lastKnownFileType = text.xcconfig; name = "Pods-MytTest.release.xcconfig"; path = "Pods/Target Support Files/Pods-MytTest/Pods-MytTest.release.xcconfig"; sourceTree = "<group>"; };
/* End PBXFileReference section */

/* Begin PBXFrameworksBuildPhase section */
		1BFC928A2269BC1B00180A94 /* Frameworks */ = {
			isa = PBXFrameworksBuildPhase;
			buildActionMask = 2147483647;
			files = (
				05138B3C486F73C97AC00B94 /* libPods-MytTest.a in Frameworks */,
			);
			runOnlyForDeploymentPostprocessing = 0;
		};
/* End PBXFrameworksBuildPhase section */

/* Begin PBXGroup section */
		1BFC92842269BC1B00180A94 = {
			isa = PBXGroup;
			children = (
				1BFC928F2269BC1B00180A94 /* MytTest */,
				1BFC928E2269BC1B00180A94 /* Products */,
				46359840E649717CF1091669 /* Pods */,
				74807C8EBF04F2B3DCE8FFDB /* Frameworks */,
			);
			sourceTree = "<group>";
		};
		1BFC928E2269BC1B00180A94 /* Products */ = {
			isa = PBXGroup;
			children = (
				1BFC928D2269BC1B00180A94 /* MytTest.app */,
			);
			name = Products;
			sourceTree = "<group>";
		};
		1BFC928F2269BC1B00180A94 /* MytTest */ = {
			isa = PBXGroup;
			children = (
				1BFC92E32269C13000180A94 /* D_ImagePicker */,
				1BFC92902269BC1B00180A94 /* AppDelegate.h */,
				1BFC92912269BC1B00180A94 /* AppDelegate.m */,
				1BFC92932269BC1B00180A94 /* ViewController.h */,
				1BFC92942269BC1B00180A94 /* ViewController.m */,
				1BFC92962269BC1B00180A94 /* Main.storyboard */,
				1BFC92992269BC1E00180A94 /* Assets.xcassets */,
				1BFC929B2269BC1E00180A94 /* LaunchScreen.storyboard */,
				1BFC929E2269BC1E00180A94 /* Info.plist */,
				1BFC929F2269BC1E00180A94 /* main.m */,
			);
			path = MytTest;
			sourceTree = "<group>";
		};
		1BFC92E32269C13000180A94 /* D_ImagePicker */ = {
			isa = PBXGroup;
			children = (
				1BFC92E42269C13000180A94 /* Classes */,
				1BFC92F72269C13000180A94 /* Assets */,
			);
			name = D_ImagePicker;
			path = son/D_ImagePicker;
			sourceTree = "<group>";
		};
		1BFC92E42269C13000180A94 /* Classes */ = {
			isa = PBXGroup;
			children = (
				1BFC92E52269C13000180A94 /* .gitkeep */,
				1BFC92E62269C13000180A94 /* Controller */,
				1BFC92E92269C13000180A94 /* Model */,
				1BFC92EC2269C13000180A94 /* View */,
				1BFC92F32269C13000180A94 /* Tool */,
			);
			path = Classes;
			sourceTree = "<group>";
		};
		1BFC92E62269C13000180A94 /* Controller */ = {
			isa = PBXGroup;
			children = (
				1BFC92E72269C13000180A94 /* D_ImageBrowserVC.m */,
				1BFC92E82269C13000180A94 /* D_ImageBrowserVC.h */,
			);
			path = Controller;
			sourceTree = "<group>";
		};
		1BFC92E92269C13000180A94 /* Model */ = {
			isa = PBXGroup;
			children = (
				1BFC92EA2269C13000180A94 /* D_ImagePickerModel.m */,
				1BFC92EB2269C13000180A94 /* D_ImagePickerModel.h */,
			);
			path = Model;
			sourceTree = "<group>";
		};
		1BFC92EC2269C13000180A94 /* View */ = {
			isa = PBXGroup;
			children = (
				1BFC92ED2269C13000180A94 /* D_imagePickerCollectionCell.h */,
				1BFC92EE2269C13000180A94 /* D_imagePickerView.m */,
				1BFC92EF2269C13000180A94 /* D_ImageBrowserCollectionCell.h */,
				1BFC92F02269C13000180A94 /* D_imagePickerCollectionCell.m */,
				1BFC92F12269C13000180A94 /* D_imagePickerView.h */,
				1BFC92F22269C13000180A94 /* D_ImageBrowserCollectionCell.m */,
			);
			path = View;
			sourceTree = "<group>";
		};
		1BFC92F32269C13000180A94 /* Tool */ = {
			isa = PBXGroup;
			children = (
				1BFC92F42269C13000180A94 /* D_photoTool.m */,
				1BFC92F52269C13000180A94 /* D_Macros.h */,
				1BFC92F62269C13000180A94 /* D_photoTool.h */,
			);
			path = Tool;
			sourceTree = "<group>";
		};
		1BFC92F72269C13000180A94 /* Assets */ = {
			isa = PBXGroup;
			children = (
				1BFC92F82269C13000180A94 /* .gitkeep */,
				1BFC92F92269C13000180A94 /* Images.xcassets */,
			);
			path = Assets;
			sourceTree = "<group>";
		};
		46359840E649717CF1091669 /* Pods */ = {
			isa = PBXGroup;
			children = (
				6219551CD239B30CC2E572E7 /* Pods-MytTest.debug.xcconfig */,
				9BC38CFB2C5942224972FFDD /* Pods-MytTest.release.xcconfig */,
			);
			name = Pods;
			sourceTree = "<group>";
		};
		74807C8EBF04F2B3DCE8FFDB /* Frameworks */ = {
			isa = PBXGroup;
			children = (
				353CD7A98916857097596FE7 /* libPods-MytTest.a */,
			);
			name = Frameworks;
			sourceTree = "<group>";
		};
/* End PBXGroup section */

/* Begin PBXNativeTarget section */
		1BFC928C2269BC1B00180A94 /* MytTest */ = {
			isa = PBXNativeTarget;
			buildConfigurationList = 1BFC92A32269BC1E00180A94 /* Build configuration list for PBXNativeTarget "MytTest" */;
			buildPhases = (
				381EA56DDB18EFA6DE9721E6 /* [CP] Check Pods Manifest.lock */,
				1BFC92892269BC1B00180A94 /* Sources */,
				1BFC928A2269BC1B00180A94 /* Frameworks */,
				1BFC928B2269BC1B00180A94 /* Resources */,
			);
			buildRules = (
			);
			dependencies = (
			);
			name = MytTest;
			productName = MytTest;
			productReference = 1BFC928D2269BC1B00180A94 /* MytTest.app */;
			productType = "com.apple.product-type.application";
		};
/* End PBXNativeTarget section */

/* Begin PBXProject section */
		1BFC92852269BC1B00180A94 /* Project object */ = {
			isa = PBXProject;
			attributes = {
				LastUpgradeCheck = 1020;
				ORGANIZATIONNAME = DingPengfei;
				TargetAttributes = {
					1BFC928C2269BC1B00180A94 = {
						CreatedOnToolsVersion = 10.2;
					};
				};
			};
			buildConfigurationList = 1BFC92882269BC1B00180A94 /* Build configuration list for PBXProject "MytTest" */;
			compatibilityVersion = "Xcode 9.3";
			developmentRegion = en;
			hasScannedForEncodings = 0;
			knownRegions = (
				en,
				Base,
			);
			mainGroup = 1BFC92842269BC1B00180A94;
			productRefGroup = 1BFC928E2269BC1B00180A94 /* Products */;
			projectDirPath = "";
			projectRoot = "";
			targets = (
				1BFC928C2269BC1B00180A94 /* MytTest */,
			);
		};
/* End PBXProject section */

/* Begin PBXResourcesBuildPhase section */
		1BFC928B2269BC1B00180A94 /* Resources */ = {
			isa = PBXResourcesBuildPhase;
			buildActionMask = 2147483647;
			files = (
				1BFC929D2269BC1E00180A94 /* LaunchScreen.storyboard in Resources */,
				1BFC929A2269BC1E00180A94 /* Assets.xcassets in Resources */,
				1BFC92982269BC1B00180A94 /* Main.storyboard in Resources */,
			);
			runOnlyForDeploymentPostprocessing = 0;
		};
/* End PBXResourcesBuildPhase section */

/* Begin PBXShellScriptBuildPhase section */
		381EA56DDB18EFA6DE9721E6 /* [CP] Check Pods Manifest.lock */ = {
			isa = PBXShellScriptBuildPhase;
			buildActionMask = 2147483647;
			files = (
			);
			inputFileListPaths = (
			);
			inputPaths = (
				"${PODS_PODFILE_DIR_PATH}/Podfile.lock",
				"${PODS_ROOT}/Manifest.lock",
			);
			name = "[CP] Check Pods Manifest.lock";
			outputFileListPaths = (
			);
			outputPaths = (
				"$(DERIVED_FILE_DIR)/Pods-MytTest-checkManifestLockResult.txt",
			);
			runOnlyForDeploymentPostprocessing = 0;
			shellPath = /bin/sh;
			shellScript = "diff \"${PODS_PODFILE_DIR_PATH}/Podfile.lock\" \"${PODS_ROOT}/Manifest.lock\" > /dev/null\nif [ $? != 0 ] ; then\n    # print error to STDERR\n    echo \"error: The sandbox is not in sync with the Podfile.lock. Run 'pod install' or update your CocoaPods installation.\" >&2\n    exit 1\nfi\n# This output is used by Xcode 'outputs' to avoid re-running this script phase.\necho \"SUCCESS\" > \"${SCRIPT_OUTPUT_FILE_0}\"\n";
			showEnvVarsInLog = 0;
		};
/* End PBXShellScriptBuildPhase section */

/* Begin PBXSourcesBuildPhase section */
		1BFC92892269BC1B00180A94 /* Sources */ = {
			isa = PBXSourcesBuildPhase;
			buildActionMask = 2147483647;
			files = (
				1BFC92952269BC1B00180A94 /* ViewController.m in Sources */,
				1BFC92A02269BC1E00180A94 /* main.m in Sources */,
				1BFC92922269BC1B00180A94 /* AppDelegate.m in Sources */,
			);
			runOnlyForDeploymentPostprocessing = 0;
		};
/* End PBXSourcesBuildPhase section */

/* Begin PBXVariantGroup section */
		1BFC92962269BC1B00180A94 /* Main.storyboard */ = {
			isa = PBXVariantGroup;
			children = (
				1BFC92972269BC1B00180A94 /* Base */,
			);
			name = Main.storyboard;
			sourceTree = "<group>";
		};
		1BFC929B2269BC1E00180A94 /* LaunchScreen.storyboard */ = {
			isa = PBXVariantGroup;
			children = (
				1BFC929C2269BC1E00180A94 /* Base */,
			);
			name = LaunchScreen.storyboard;
			sourceTree = "<group>";
		};
/* End PBXVariantGroup section */

/* Begin XCBuildConfiguration section */
		1BFC92A12269BC1E00180A94 /* Debug */ = {
			isa = XCBuildConfiguration;
			buildSettings = {
				ALWAYS_SEARCH_USER_PATHS = NO;
				CLANG_ANALYZER_NONNULL = YES;
				CLANG_ANALYZER_NUMBER_OBJECT_CONVERSION = YES_AGGRESSIVE;
				CLANG_CXX_LANGUAGE_STANDARD = "gnu++14";
				CLANG_CXX_LIBRARY = "libc++";
				CLANG_ENABLE_MODULES = YES;
				CLANG_ENABLE_OBJC_ARC = YES;
				CLANG_ENABLE_OBJC_WEAK = YES;
				CLANG_WARN_BLOCK_CAPTURE_AUTORELEASING = YES;
				CLANG_WARN_BOOL_CONVERSION = YES;
				CLANG_WARN_COMMA = YES;
				CLANG_WARN_CONSTANT_CONVERSION = YES;
				CLANG_WARN_DEPRECATED_OBJC_IMPLEMENTATIONS = YES;
				CLANG_WARN_DIRECT_OBJC_ISA_USAGE = YES_ERROR;
				CLANG_WARN_DOCUMENTATION_COMMENTS = YES;
				CLANG_WARN_EMPTY_BODY = YES;
				CLANG_WARN_ENUM_CONVERSION = YES;
				CLANG_WARN_INFINITE_RECURSION = YES;
				CLANG_WARN_INT_CONVERSION = YES;
				CLANG_WARN_NON_LITERAL_NULL_CONVERSION = YES;
				CLANG_WARN_OBJC_IMPLICIT_RETAIN_SELF = YES;
				CLANG_WARN_OBJC_LITERAL_CONVERSION = YES;
				CLANG_WARN_OBJC_ROOT_CLASS = YES_ERROR;
				CLANG_WARN_RANGE_LOOP_ANALYSIS = YES;
				CLANG_WARN_STRICT_PROTOTYPES = YES;
				CLANG_WARN_SUSPICIOUS_MOVE = YES;
				CLANG_WARN_UNGUARDED_AVAILABILITY = YES_AGGRESSIVE;
				CLANG_WARN_UNREACHABLE_CODE = YES;
				CLANG_WARN__DUPLICATE_METHOD_MATCH = YES;
				CODE_SIGN_IDENTITY = "iPhone Developer";
				COPY_PHASE_STRIP = NO;
				DEBUG_INFORMATION_FORMAT = dwarf;
				ENABLE_STRICT_OBJC_MSGSEND = YES;
				ENABLE_TESTABILITY = YES;
				GCC_C_LANGUAGE_STANDARD = gnu11;
				GCC_DYNAMIC_NO_PIC = NO;
				GCC_NO_COMMON_BLOCKS = YES;
				GCC_OPTIMIZATION_LEVEL = 0;
				GCC_PREPROCESSOR_DEFINITIONS = (
					"DEBUG=1",
					"$(inherited)",
				);
				GCC_WARN_64_TO_32_BIT_CONVERSION = YES;
				GCC_WARN_ABOUT_RETURN_TYPE = YES_ERROR;
				GCC_WARN_UNDECLARED_SELECTOR = YES;
				GCC_WARN_UNINITIALIZED_AUTOS = YES_AGGRESSIVE;
				GCC_WARN_UNUSED_FUNCTION = YES;
				GCC_WARN_UNUSED_VARIABLE = YES;
				IPHONEOS_DEPLOYMENT_TARGET = 12.2;
				MTL_ENABLE_DEBUG_INFO = INCLUDE_SOURCE;
				MTL_FAST_MATH = YES;
				ONLY_ACTIVE_ARCH = YES;
				SDKROOT = iphoneos;
			};
			name = Debug;
		};
		1BFC92A22269BC1E00180A94 /* Release */ = {
			isa = XCBuildConfiguration;
			buildSettings = {
				ALWAYS_SEARCH_USER_PATHS = NO;
				CLANG_ANALYZER_NONNULL = YES;
				CLANG_ANALYZER_NUMBER_OBJECT_CONVERSION = YES_AGGRESSIVE;
				CLANG_CXX_LANGUAGE_STANDARD = "gnu++14";
				CLANG_CXX_LIBRARY = "libc++";
				CLANG_ENABLE_MODULES = YES;
				CLANG_ENABLE_OBJC_ARC = YES;
				CLANG_ENABLE_OBJC_WEAK = YES;
				CLANG_WARN_BLOCK_CAPTURE_AUTORELEASING = YES;
				CLANG_WARN_BOOL_CONVERSION = YES;
				CLANG_WARN_COMMA = YES;
				CLANG_WARN_CONSTANT_CONVERSION = YES;
				CLANG_WARN_DEPRECATED_OBJC_IMPLEMENTATIONS = YES;
				CLANG_WARN_DIRECT_OBJC_ISA_USAGE = YES_ERROR;
				CLANG_WARN_DOCUMENTATION_COMMENTS = YES;
				CLANG_WARN_EMPTY_BODY = YES;
				CLANG_WARN_ENUM_CONVERSION = YES;
				CLANG_WARN_INFINITE_RECURSION = YES;
				CLANG_WARN_INT_CONVERSION = YES;
				CLANG_WARN_NON_LITERAL_NULL_CONVERSION = YES;
				CLANG_WARN_OBJC_IMPLICIT_RETAIN_SELF = YES;
				CLANG_WARN_OBJC_LITERAL_CONVERSION = YES;
				CLANG_WARN_OBJC_ROOT_CLASS = YES_ERROR;
				CLANG_WARN_RANGE_LOOP_ANALYSIS = YES;
				CLANG_WARN_STRICT_PROTOTYPES = YES;
				CLANG_WARN_SUSPICIOUS_MOVE = YES;
				CLANG_WARN_UNGUARDED_AVAILABILITY = YES_AGGRESSIVE;
				CLANG_WARN_UNREACHABLE_CODE = YES;
				CLANG_WARN__DUPLICATE_METHOD_MATCH = YES;
				CODE_SIGN_IDENTITY = "iPhone Developer";
				COPY_PHASE_STRIP = NO;
				DEBUG_INFORMATION_FORMAT = "dwarf-with-dsym";
				ENABLE_NS_ASSERTIONS = NO;
				ENABLE_STRICT_OBJC_MSGSEND = YES;
				GCC_C_LANGUAGE_STANDARD = gnu11;
				GCC_NO_COMMON_BLOCKS = YES;
				GCC_WARN_64_TO_32_BIT_CONVERSION = YES;
				GCC_WARN_ABOUT_RETURN_TYPE = YES_ERROR;
				GCC_WARN_UNDECLARED_SELECTOR = YES;
				GCC_WARN_UNINITIALIZED_AUTOS = YES_AGGRESSIVE;
				GCC_WARN_UNUSED_FUNCTION = YES;
				GCC_WARN_UNUSED_VARIABLE = YES;
				IPHONEOS_DEPLOYMENT_TARGET = 12.2;
				MTL_ENABLE_DEBUG_INFO = NO;
				MTL_FAST_MATH = YES;
				SDKROOT = iphoneos;
				VALIDATE_PRODUCT = YES;
			};
			name = Release;
		};
		1BFC92A42269BC1E00180A94 /* Debug */ = {
			isa = XCBuildConfiguration;
			baseConfigurationReference = 6219551CD239B30CC2E572E7 /* Pods-MytTest.debug.xcconfig */;
			buildSettings = {
				ASSETCATALOG_COMPILER_APPICON_NAME = AppIcon;
				CODE_SIGN_STYLE = Automatic;
				DEVELOPMENT_TEAM = GWEMGVNQJJ;
				INFOPLIST_FILE = MytTest/Info.plist;
				LD_RUNPATH_SEARCH_PATHS = (
					"$(inherited)",
					"@executable_path/Frameworks",
				);
				PRODUCT_BUNDLE_IDENTIFIER = com.DingPengfei.MytTest;
				PRODUCT_NAME = "$(TARGET_NAME)";
				TARGETED_DEVICE_FAMILY = "1,2";
			};
			name = Debug;
		};
		1BFC92A52269BC1E00180A94 /* Release */ = {
			isa = XCBuildConfiguration;
			baseConfigurationReference = 9BC38CFB2C5942224972FFDD /* Pods-MytTest.release.xcconfig */;
			buildSettings = {
				ASSETCATALOG_COMPILER_APPICON_NAME = AppIcon;
				CODE_SIGN_STYLE = Automatic;
				DEVELOPMENT_TEAM = GWEMGVNQJJ;
				INFOPLIST_FILE = MytTest/Info.plist;
				LD_RUNPATH_SEARCH_PATHS = (
					"$(inherited)",
					"@executable_path/Frameworks",
				);
				PRODUCT_BUNDLE_IDENTIFIER = com.DingPengfei.MytTest;
				PRODUCT_NAME = "$(TARGET_NAME)";
				TARGETED_DEVICE_FAMILY = "1,2";
			};
			name = Release;
		};
/* End XCBuildConfiguration section */

/* Begin XCConfigurationList section */
		1BFC92882269BC1B00180A94 /* Build configuration list for PBXProject "MytTest" */ = {
			isa = XCConfigurationList;
			buildConfigurations = (
				1BFC92A12269BC1E00180A94 /* Debug */,
				1BFC92A22269BC1E00180A94 /* Release */,
			);
			defaultConfigurationIsVisible = 0;
			defaultConfigurationName = Release;
		};
		1BFC92A32269BC1E00180A94 /* Build configuration list for PBXNativeTarget "MytTest" */ = {
			isa = XCConfigurationList;
			buildConfigurations = (
				1BFC92A42269BC1E00180A94 /* Debug */,
				1BFC92A52269BC1E00180A94 /* Release */,
			);
			defaultConfigurationIsVisible = 0;
			defaultConfigurationName = Release;
		};
/* End XCConfigurationList section */
	};
	rootObject = 1BFC92852269BC1B00180A94 /* Project object */;
}
